
Microsoft Visual Studio Solution File, Format Version 12.00
# Visual Studio Version 16
VisualStudioVersion = 16.0.30104.148
MinimumVisualStudioVersion = 10.0.40219.1
Project("{2150E333-8FDC-42A3-9474-1A3956D46DE8}") = "Lib", "Lib", "{5E870000-D768-411B-BF16-DBA2D34446C3}"
EndProject
Project("{9A19103F-16F7-4668-BE54-9A1E7A4F7556}") = "Data", "Data\Data.csproj", "{8661FB4D-DFF4-47E0-A3D8-F9DA738761D0}"
EndProject
Project("{2150E333-8FDC-42A3-9474-1A3956D46DE8}") = "API", "API", "{8709D0D0-FEF4-45DB-A343-88A6C85B738B}"
EndProject
Project("{9A19103F-16F7-4668-BE54-9A1E7A4F7556}") = "TrainerAPI", "TrainerAPI\TrainerAPI.csproj", "{D2EE9BE3-E883-4F68-9A66-6F333F24B387}"
EndProject
Project("{9A19103F-16F7-4668-BE54-9A1E7A4F7556}") = "TrainerAPITest", "TrainerAPITest\TrainerAPITest.csproj", "{0C79F625-B1CA-4694-BB06-DFACBE39DEB9}"
EndProject
Global
	GlobalSection(SolutionConfigurationPlatforms) = preSolution
		Debug|Any CPU = Debug|Any CPU
		Release|Any CPU = Release|Any CPU
	EndGlobalSection
	GlobalSection(ProjectConfigurationPlatforms) = postSolution
		{8661FB4D-DFF4-47E0-A3D8-F9DA738761D0}.Debug|Any CPU.ActiveCfg = Debug|Any CPU
		{8661FB4D-DFF4-47E0-A3D8-F9DA738761D0}.Debug|Any CPU.Build.0 = Debug|Any CPU
		{8661FB4D-DFF4-47E0-A3D8-F9DA738761D0}.Release|Any CPU.ActiveCfg = Release|Any CPU
		{8661FB4D-DFF4-47E0-A3D8-F9DA738761D0}.Release|Any CPU.Build.0 = Release|Any CPU
		{D2EE9BE3-E883-4F68-9A66-6F333F24B387}.Debug|Any CPU.ActiveCfg = Debug|Any CPU
		{D2EE9BE3-E883-4F68-9A66-6F333F24B387}.Debug|Any CPU.Build.0 = Debug|Any CPU
		{D2EE9BE3-E883-4F68-9A66-6F333F24B387}.Release|Any CPU.ActiveCfg = Release|Any CPU
		{D2EE9BE3-E883-4F68-9A66-6F333F24B387}.Release|Any CPU.Build.0 = Release|Any CPU
		{0C79F625-B1CA-4694-BB06-DFACBE39DEB9}.Debug|Any CPU.ActiveCfg = Debug|Any CPU
		{0C79F625-B1CA-4694-BB06-DFACBE39DEB9}.Debug|Any CPU.Build.0 = Debug|Any CPU
		{0C79F625-B1CA-4694-BB06-DFACBE39DEB9}.Release|Any CPU.ActiveCfg = Release|Any CPU
		{0C79F625-B1CA-4694-BB06-DFACBE39DEB9}.Release|Any CPU.Build.0 = Release|Any CPU
	EndGlobalSection
	GlobalSection(SolutionProperties) = preSolution
		HideSolutionNode = FALSE
	EndGlobalSection
	GlobalSection(NestedProjects) = preSolution
		{8661FB4D-DFF4-47E0-A3D8-F9DA738761D0} = {5E870000-D768-411B-BF16-DBA2D34446C3}
		{D2EE9BE3-E883-4F68-9A66-6F333F24B387} = {8709D0D0-FEF4-45DB-A343-88A6C85B738B}
		{0C79F625-B1CA-4694-BB06-DFACBE39DEB9} = {8709D0D0-FEF4-45DB-A343-88A6C85B738B}
	EndGlobalSection
	GlobalSection(ExtensibilityGlobals) = postSolution
		SolutionGuid = {A48BDC23-9A88-439E-94B3-46C0FA03DB72}
	EndGlobalSection
EndGlobal
